
Microsoft Visual Studio Solution File, Format Version 12.00
# Visual Studio Version 17
VisualStudioVersion = 17.13.35818.85
MinimumVisualStudioVersion = 10.0.40219.1
Project("{FAE04EC0-301F-11D3-BF4B-00C04F79EFBC}") = "MqttSubscriber", "MqttSubscriber\MqttSubscriber.csproj", "{9FBA9E6C-EB00-49C1-9D0C-9DDABD4A394D}"
EndProject
Global
	GlobalSection(SolutionConfigurationPlatforms) = preSolution
		Debug|Any CPU = Debug|Any CPU
		Release|Any CPU = Release|Any CPU
	EndGlobalSection
	GlobalSection(ProjectConfigurationPlatforms) = postSolution
		{9FBA9E6C-EB00-49C1-9D0C-9DDABD4A394D}.Debug|Any CPU.ActiveCfg = Debug|Any CPU
		{9FBA9E6C-EB00-49C1-9D0C-9DDABD4A394D}.Debug|Any CPU.Build.0 = Debug|Any CPU
		{9FBA9E6C-EB00-49C1-9D0C-9DDABD4A394D}.Release|Any CPU.ActiveCfg = Release|Any CPU
		{9FBA9E6C-EB00-49C1-9D0C-9DDABD4A394D}.Release|Any CPU.Build.0 = Release|Any CPU
	EndGlobalSection
	GlobalSection(SolutionProperties) = preSolution
		HideSolutionNode = FALSE
	EndGlobalSection
	GlobalSection(ExtensibilityGlobals) = postSolution
		SolutionGuid = {F9E15F6B-95D9-4B13-9E16-0DD79709D114}
	EndGlobalSection
EndGlobal
